
Microsoft Visual Studio Solution File, Format Version 12.00
# Visual Studio Version 16
VisualStudioVersion = 16.0.31729.503
MinimumVisualStudioVersion = 10.0.40219.1
Project("{FAE04EC0-301F-11D3-BF4B-00C04F79EFBC}") = "Yahtzee_Test", "Yahtzee_Test\Yahtzee_Test.csproj", "{83B6D7E8-5FC0-4D79-A165-1DB44D228ED5}"
EndProject
Project("{FAE04EC0-301F-11D3-BF4B-00C04F79EFBC}") = "Yahtzee_ConsoleApp", "..\Yahtzee_ConsoleApp\Yahtzee_ConsoleApp.csproj", "{F36D513A-66B5-4B50-BE5B-BA544D4E095B}"
EndProject
Global
	GlobalSection(SolutionConfigurationPlatforms) = preSolution
		Debug|Any CPU = Debug|Any CPU
		Release|Any CPU = Release|Any CPU
	EndGlobalSection
	GlobalSection(ProjectConfigurationPlatforms) = postSolution
		{83B6D7E8-5FC0-4D79-A165-1DB44D228ED5}.Debug|Any CPU.ActiveCfg = Debug|Any CPU
		{83B6D7E8-5FC0-4D79-A165-1DB44D228ED5}.Debug|Any CPU.Build.0 = Debug|Any CPU
		{83B6D7E8-5FC0-4D79-A165-1DB44D228ED5}.Release|Any CPU.ActiveCfg = Release|Any CPU
		{83B6D7E8-5FC0-4D79-A165-1DB44D228ED5}.Release|Any CPU.Build.0 = Release|Any CPU
		{F36D513A-66B5-4B50-BE5B-BA544D4E095B}.Debug|Any CPU.ActiveCfg = Debug|Any CPU
		{F36D513A-66B5-4B50-BE5B-BA544D4E095B}.Debug|Any CPU.Build.0 = Debug|Any CPU
		{F36D513A-66B5-4B50-BE5B-BA544D4E095B}.Release|Any CPU.ActiveCfg = Release|Any CPU
		{F36D513A-66B5-4B50-BE5B-BA544D4E095B}.Release|Any CPU.Build.0 = Release|Any CPU
	EndGlobalSection
	GlobalSection(SolutionProperties) = preSolution
		HideSolutionNode = FALSE
	EndGlobalSection
	GlobalSection(ExtensibilityGlobals) = postSolution
		SolutionGuid = {1AB777F5-C27D-4F00-A677-796B57E2B164}
	EndGlobalSection
EndGlobal
